
Microsoft Visual Studio Solution File, Format Version 12.00
# Visual Studio 2012
Project("{FAE04EC0-301F-11D3-BF4B-00C04F79EFBC}") = "License.Manager", "License.Manager\License.Manager.csproj", "{6D609823-EE25-4AA1-9F36-D206DA62855D}"
EndProject
Project("{FAE04EC0-301F-11D3-BF4B-00C04F79EFBC}") = "License.Manager.Core", "License.Manager.Core\License.Manager.Core.csproj", "{8B7A31DA-2599-4157-9341-B070971E424F}"
EndProject
Project("{2150E333-8FDC-42A3-9474-1A3956D46DE8}") = ".nuget", ".nuget", "{8308506D-A155-4081-A578-6EC534A2EACD}"
	ProjectSection(SolutionItems) = preProject
		.nuget\NuGet.Config = .nuget\NuGet.Config
		.nuget\NuGet.exe = .nuget\NuGet.exe
		.nuget\NuGet.targets = .nuget\NuGet.targets
	EndProjectSection
EndProject
Project("{2150E333-8FDC-42A3-9474-1A3956D46DE8}") = "Common", "Common", "{45015F39-1C29-407E-BD39-A2641F2F014A}"
	ProjectSection(SolutionItems) = preProject
		..\LICENSE.md = ..\LICENSE.md
	EndProjectSection
EndProject
Global
	GlobalSection(SolutionConfigurationPlatforms) = preSolution
		Debug|Any CPU = Debug|Any CPU
		Release|Any CPU = Release|Any CPU
	EndGlobalSection
	GlobalSection(ProjectConfigurationPlatforms) = postSolution
		{6D609823-EE25-4AA1-9F36-D206DA62855D}.Debug|Any CPU.ActiveCfg = Debug|Any CPU
		{6D609823-EE25-4AA1-9F36-D206DA62855D}.Debug|Any CPU.Build.0 = Debug|Any CPU
		{6D609823-EE25-4AA1-9F36-D206DA62855D}.Release|Any CPU.ActiveCfg = Release|Any CPU
		{6D609823-EE25-4AA1-9F36-D206DA62855D}.Release|Any CPU.Build.0 = Release|Any CPU
		{8B7A31DA-2599-4157-9341-B070971E424F}.Debug|Any CPU.ActiveCfg = Debug|Any CPU
		{8B7A31DA-2599-4157-9341-B070971E424F}.Debug|Any CPU.Build.0 = Debug|Any CPU
		{8B7A31DA-2599-4157-9341-B070971E424F}.Release|Any CPU.ActiveCfg = Release|Any CPU
		{8B7A31DA-2599-4157-9341-B070971E424F}.Release|Any CPU.Build.0 = Release|Any CPU
	EndGlobalSection
	GlobalSection(SolutionProperties) = preSolution
		HideSolutionNode = FALSE
	EndGlobalSection
EndGlobal
